// !$*UTF8*$!
{
	archiveVersion = 1;
	classes = {
	};
	objectVersion = 46;
	objects = {

/* Begin PBXBuildFile section */
		846390561DAC5C700047C443 /* AppDelegate.swift in Sources */ = {isa = PBXBuildFile; fileRef = 846390551DAC5C700047C443 /* AppDelegate.swift */; };
		846390581DAC5C700047C443 /* ViewController.swift in Sources */ = {isa = PBXBuildFile; fileRef = 846390571DAC5C700047C443 /* ViewController.swift */; };
		8463905B1DAC5C700047C443 /* Main.storyboard in Resources */ = {isa = PBXBuildFile; fileRef = 846390591DAC5C700047C443 /* Main.storyboard */; };
		8463905D1DAC5C700047C443 /* Assets.xcassets in Resources */ = {isa = PBXBuildFile; fileRef = 8463905C1DAC5C700047C443 /* Assets.xcassets */; };
		846390601DAC5C700047C443 /* LaunchScreen.storyboard in Resources */ = {isa = PBXBuildFile; fileRef = 8463905E1DAC5C700047C443 /* LaunchScreen.storyboard */; };
		8463906B1DAC5C700047C443 /* PitchPerfectUITests.swift in Sources */ = {isa = PBXBuildFile; fileRef = 8463906A1DAC5C700047C443 /* PitchPerfectUITests.swift */; };
/* End PBXBuildFile section */

/* Begin PBXContainerItemProxy section */
		846390671DAC5C700047C443 /* PBXContainerItemProxy */ = {
			isa = PBXContainerItemProxy;
			containerPortal = 8463904A1DAC5C700047C443 /* Project object */;
			proxyType = 1;
			remoteGlobalIDString = 846390511DAC5C700047C443;
			remoteInfo = PitchPerfect;
		};
/* End PBXContainerItemProxy section */

/* Begin PBXFileReference section */
		846390521DAC5C700047C443 /* PitchPerfect.app */ = {isa = PBXFileReference; explicitFileType = wrapper.application; includeInIndex = 0; path = PitchPerfect.app; sourceTree = BUILT_PRODUCTS_DIR; };
		846390551DAC5C700047C443 /* AppDelegate.swift */ = {isa = PBXFileReference; lastKnownFileType = sourcecode.swift; path = AppDelegate.swift; sourceTree = "<group>"; };
		846390571DAC5C700047C443 /* ViewController.swift */ = {isa = PBXFileReference; lastKnownFileType = sourcecode.swift; path = ViewController.swift; sourceTree = "<group>"; };
		8463905A1DAC5C700047C443 /* Base */ = {isa = PBXFileReference; lastKnownFileType = file.storyboard; name = Base; path = Base.lproj/Main.storyboard; sourceTree = "<group>"; };
		8463905C1DAC5C700047C443 /* Assets.xcassets */ = {isa = PBXFileReference; lastKnownFileType = folder.assetcatalog; path = Assets.xcassets; sourceTree = "<group>"; };
		8463905F1DAC5C700047C443 /* Base */ = {isa = PBXFileReference; lastKnownFileType = file.storyboard; name = Base; path = Base.lproj/LaunchScreen.storyboard; sourceTree = "<group>"; };
		846390611DAC5C700047C443 /* Info.plist */ = {isa = PBXFileReference; lastKnownFileType = text.plist.xml; path = Info.plist; sourceTree = "<group>"; };
		846390661DAC5C700047C443 /* PitchPerfectUITests.xctest */ = {isa = PBXFileReference; explicitFileType = wrapper.cfbundle; includeInIndex = 0; path = PitchPerfectUITests.xctest; sourceTree = BUILT_PRODUCTS_DIR; };
		8463906A1DAC5C700047C443 /* PitchPerfectUITests.swift */ = {isa = PBXFileReference; lastKnownFileType = sourcecode.swift; path = PitchPerfectUITests.swift; sourceTree = "<group>"; };
		8463906C1DAC5C700047C443 /* Info.plist */ = {isa = PBXFileReference; lastKnownFileType = text.plist.xml; path = Info.plist; sourceTree = "<group>"; };
/* End PBXFileReference section */

/* Begin PBXFrameworksBuildPhase section */
		8463904F1DAC5C700047C443 /* Frameworks */ = {
			isa = PBXFrameworksBuildPhase;
			buildActionMask = 2147483647;
			files = (
			);
			runOnlyForDeploymentPostprocessing = 0;
		};
		846390631DAC5C700047C443 /* Frameworks */ = {
			isa = PBXFrameworksBuildPhase;
			buildActionMask = 2147483647;
			files = (
			);
			runOnlyForDeploymentPostprocessing = 0;
		};
/* End PBXFrameworksBuildPhase section */

/* Begin PBXGroup section */
		846390491DAC5C700047C443 = {
			isa = PBXGroup;
			children = (
				846390541DAC5C700047C443 /* PitchPerfect */,
				846390691DAC5C700047C443 /* PitchPerfectUITests */,
				846390531DAC5C700047C443 /* Products */,
			);
			sourceTree = "<group>";
		};
		846390531DAC5C700047C443 /* Products */ = {
			isa = PBXGroup;
			children = (
				846390521DAC5C700047C443 /* PitchPerfect.app */,
				846390661DAC5C700047C443 /* PitchPerfectUITests.xctest */,
			);
			name = Products;
			sourceTree = "<group>";
		};
		846390541DAC5C700047C443 /* PitchPerfect */ = {
			isa = PBXGroup;
			children = (
				846390551DAC5C700047C443 /* AppDelegate.swift */,
				846390571DAC5C700047C443 /* ViewController.swift */,
				846390591DAC5C700047C443 /* Main.storyboard */,
				8463905C1DAC5C700047C443 /* Assets.xcassets */,
				8463905E1DAC5C700047C443 /* LaunchScreen.storyboard */,
				846390611DAC5C700047C443 /* Info.plist */,
			);
			path = PitchPerfect;
			sourceTree = "<group>";
		};
		846390691DAC5C700047C443 /* PitchPerfectUITests */ = {
			isa = PBXGroup;
			children = (
				8463906A1DAC5C700047C443 /* PitchPerfectUITests.swift */,
				8463906C1DAC5C700047C443 /* Info.plist */,
			);
			path = PitchPerfectUITests;
			sourceTree = "<group>";
		};
/* End PBXGroup section */

/* Begin PBXNativeTarget section */
		846390511DAC5C700047C443 /* PitchPerfect */ = {
			isa = PBXNativeTarget;
			buildConfigurationList = 8463906F1DAC5C700047C443 /* Build configuration list for PBXNativeTarget "PitchPerfect" */;
			buildPhases = (
				8463904E1DAC5C700047C443 /* Sources */,
				8463904F1DAC5C700047C443 /* Frameworks */,
				846390501DAC5C700047C443 /* Resources */,
			);
			buildRules = (
			);
			dependencies = (
			);
			name = PitchPerfect;
			productName = PitchPerfect;
			productReference = 846390521DAC5C700047C443 /* PitchPerfect.app */;
			productType = "com.apple.product-type.application";
		};
		846390651DAC5C700047C443 /* PitchPerfectUITests */ = {
			isa = PBXNativeTarget;
			buildConfigurationList = 846390721DAC5C700047C443 /* Build configuration list for PBXNativeTarget "PitchPerfectUITests" */;
			buildPhases = (
				846390621DAC5C700047C443 /* Sources */,
				846390631DAC5C700047C443 /* Frameworks */,
				846390641DAC5C700047C443 /* Resources */,
			);
			buildRules = (
			);
			dependencies = (
				846390681DAC5C700047C443 /* PBXTargetDependency */,
			);
			name = PitchPerfectUITests;
			productName = PitchPerfectUITests;
			productReference = 846390661DAC5C700047C443 /* PitchPerfectUITests.xctest */;
			productType = "com.apple.product-type.bundle.ui-testing";
		};
/* End PBXNativeTarget section */

/* Begin PBXProject section */
		8463904A1DAC5C700047C443 /* Project object */ = {
			isa = PBXProject;
			attributes = {
				LastSwiftUpdateCheck = 0800;
				LastUpgradeCheck = 0800;
				ORGANIZATIONNAME = "Alexander Bui";
				TargetAttributes = {
					846390511DAC5C700047C443 = {
						CreatedOnToolsVersion = 8.0;
						DevelopmentTeam = NDK75ESV78;
						ProvisioningStyle = Automatic;
					};
					846390651DAC5C700047C443 = {
						CreatedOnToolsVersion = 8.0;
						DevelopmentTeam = NDK75ESV78;
						ProvisioningStyle = Automatic;
						TestTargetID = 846390511DAC5C700047C443;
					};
				};
			};
			buildConfigurationList = 8463904D1DAC5C700047C443 /* Build configuration list for PBXProject "PitchPerfect" */;
			compatibilityVersion = "Xcode 3.2";
			developmentRegion = English;
			hasScannedForEncodings = 0;
			knownRegions = (
				en,
				Base,
			);
			mainGroup = 846390491DAC5C700047C443;
			productRefGroup = 846390531DAC5C700047C443 /* Products */;
			projectDirPath = "";
			projectRoot = "";
			targets = (
				846390511DAC5C700047C443 /* PitchPerfect */,
				846390651DAC5C700047C443 /* PitchPerfectUITests */,
			);
		};
/* End PBXProject section */

/* Begin PBXResourcesBuildPhase section */
		846390501DAC5C700047C443 /* Resources */ = {
			isa = PBXResourcesBuildPhase;
			buildActionMask = 2147483647;
			files = (
				846390601DAC5C700047C443 /* LaunchScreen.storyboard in Resources */,
				8463905D1DAC5C700047C443 /* Assets.xcassets in Resources */,
				8463905B1DAC5C700047C443 /* Main.storyboard in Resources */,
			);
			runOnlyForDeploymentPostprocessing = 0;
		};
		846390641DAC5C700047C443 /* Resources */ = {
			isa = PBXResourcesBuildPhase;
			buildActionMask = 2147483647;
			files = (
			);
			runOnlyForDeploymentPostprocessing = 0;
		};
/* End PBXResourcesBuildPhase section */

/* Begin PBXSourcesBuildPhase section */
		8463904E1DAC5C700047C443 /* Sources */ = {
			isa = PBXSourcesBuildPhase;
			buildActionMask = 2147483647;
			files = (
				846390581DAC5C700047C443 /* ViewController.swift in Sources */,
				846390561DAC5C700047C443 /* AppDelegate.swift in Sources */,
			);
			runOnlyForDeploymentPostprocessing = 0;
		};
		846390621DAC5C700047C443 /* Sources */ = {
			isa = PBXSourcesBuildPhase;
			buildActionMask = 2147483647;
			files = (
				8463906B1DAC5C700047C443 /* PitchPerfectUITests.swift in Sources */,
			);
			runOnlyForDeploymentPostprocessing = 0;
		};
/* End PBXSourcesBuildPhase section */

/* Begin PBXTargetDependency section */
		846390681DAC5C700047C443 /* PBXTargetDependency */ = {
			isa = PBXTargetDependency;
			target = 846390511DAC5C700047C443 /* PitchPerfect */;
			targetProxy = 846390671DAC5C700047C443 /* PBXContainerItemProxy */;
		};
/* End PBXTargetDependency section */

/* Begin PBXVariantGroup section */
		846390591DAC5C700047C443 /* Main.storyboard */ = {
			isa = PBXVariantGroup;
			children = (
				8463905A1DAC5C700047C443 /* Base */,
			);
			name = Main.storyboard;
			sourceTree = "<group>";
		};
		8463905E1DAC5C700047C443 /* LaunchScreen.storyboard */ = {
			isa = PBXVariantGroup;
			children = (
				8463905F1DAC5C700047C443 /* Base */,
			);
			name = LaunchScreen.storyboard;
			sourceTree = "<group>";
		};
/* End PBXVariantGroup section */

/* Begin XCBuildConfiguration section */
		8463906D1DAC5C700047C443 /* Debug */ = {
			isa = XCBuildConfiguration;
			buildSettings = {
				ALWAYS_SEARCH_USER_PATHS = NO;
				CLANG_ANALYZER_NONNULL = YES;
				CLANG_CXX_LANGUAGE_STANDARD = "gnu++0x";
				CLANG_CXX_LIBRARY = "libc++";
				CLANG_ENABLE_MODULES = YES;
				CLANG_ENABLE_OBJC_ARC = YES;
				CLANG_WARN_BOOL_CONVERSION = YES;
				CLANG_WARN_CONSTANT_CONVERSION = YES;
				CLANG_WARN_DIRECT_OBJC_ISA_USAGE = YES_ERROR;
				CLANG_WARN_DOCUMENTATION_COMMENTS = YES;
				CLANG_WARN_EMPTY_BODY = YES;
				CLANG_WARN_ENUM_CONVERSION = YES;
				CLANG_WARN_INFINITE_RECURSION = YES;
				CLANG_WARN_INT_CONVERSION = YES;
				CLANG_WARN_OBJC_ROOT_CLASS = YES_ERROR;
				CLANG_WARN_SUSPICIOUS_MOVES = YES;
				CLANG_WARN_UNREACHABLE_CODE = YES;
				CLANG_WARN__DUPLICATE_METHOD_MATCH = YES;
				"CODE_SIGN_IDENTITY[sdk=iphoneos*]" = "iPhone Developer";
				COPY_PHASE_STRIP = NO;
				DEBUG_INFORMATION_FORMAT = dwarf;
				ENABLE_STRICT_OBJC_MSGSEND = YES;
				ENABLE_TESTABILITY = YES;
				GCC_C_LANGUAGE_STANDARD = gnu99;
				GCC_DYNAMIC_NO_PIC = NO;
				GCC_NO_COMMON_BLOCKS = YES;
				GCC_OPTIMIZATION_LEVEL = 0;
				GCC_PREPROCESSOR_DEFINITIONS = (
					"DEBUG=1",
					"$(inherited)",
				);
				GCC_WARN_64_TO_32_BIT_CONVERSION = YES;
				GCC_WARN_ABOUT_RETURN_TYPE = YES_ERROR;
				GCC_WARN_UNDECLARED_SELECTOR = YES;
				GCC_WARN_UNINITIALIZED_AUTOS = YES_AGGRESSIVE;
				GCC_WARN_UNUSED_FUNCTION = YES;
				GCC_WARN_UNUSED_VARIABLE = YES;
				IPHONEOS_DEPLOYMENT_TARGET = 10.0;
				MTL_ENABLE_DEBUG_INFO = YES;
				ONLY_ACTIVE_ARCH = YES;
				SDKROOT = iphoneos;
				SWIFT_ACTIVE_COMPILATION_CONDITIONS = DEBUG;
				SWIFT_OPTIMIZATION_LEVEL = "-Onone";
				TARGETED_DEVICE_FAMILY = "1,2";
			};
			name = Debug;
		};
		8463906E1DAC5C700047C443 /* Release */ = {
			isa = XCBuildConfiguration;
			buildSettings = {
				ALWAYS_SEARCH_USER_PATHS = NO;
				CLANG_ANALYZER_NONNULL = YES;
				CLANG_CXX_LANGUAGE_STANDARD = "gnu++0x";
				CLANG_CXX_LIBRARY = "libc++";
				CLANG_ENABLE_MODULES = YES;
				CLANG_ENABLE_OBJC_ARC = YES;
				CLANG_WARN_BOOL_CONVERSION = YES;
				CLANG_WARN_CONSTANT_CONVERSION = YES;
				CLANG_WARN_DIRECT_OBJC_ISA_USAGE = YES_ERROR;
				CLANG_WARN_DOCUMENTATION_COMMENTS = YES;
				CLANG_WARN_EMPTY_BODY = YES;
				CLANG_WARN_ENUM_CONVERSION = YES;
				CLANG_WARN_INFINITE_RECURSION = YES;
				CLANG_WARN_INT_CONVERSION = YES;
				CLANG_WARN_OBJC_ROOT_CLASS = YES_ERROR;
				CLANG_WARN_SUSPICIOUS_MOVES = YES;
				CLANG_WARN_UNREACHABLE_CODE = YES;
				CLANG_WARN__DUPLICATE_METHOD_MATCH = YES;
				"CODE_SIGN_IDENTITY[sdk=iphoneos*]" = "iPhone Developer";
				COPY_PHASE_STRIP = NO;
				DEBUG_INFORMATION_FORMAT = "dwarf-with-dsym";
				ENABLE_NS_ASSERTIONS = NO;
				ENABLE_STRICT_OBJC_MSGSEND = YES;
				GCC_C_LANGUAGE_STANDARD = gnu99;
				GCC_NO_COMMON_BLOCKS = YES;
				GCC_WARN_64_TO_32_BIT_CONVERSION = YES;
				GCC_WARN_ABOUT_RETURN_TYPE = YES_ERROR;
				GCC_WARN_UNDECLARED_SELECTOR = YES;
				GCC_WARN_UNINITIALIZED_AUTOS = YES_AGGRESSIVE;
				GCC_WARN_UNUSED_FUNCTION = YES;
				GCC_WARN_UNUSED_VARIABLE = YES;
				IPHONEOS_DEPLOYMENT_TARGET = 10.0;
				MTL_ENABLE_DEBUG_INFO = NO;
				SDKROOT = iphoneos;
				SWIFT_OPTIMIZATION_LEVEL = "-Owholemodule";
				TARGETED_DEVICE_FAMILY = "1,2";
				VALIDATE_PRODUCT = YES;
			};
			name = Release;
		};
		846390701DAC5C700047C443 /* Debug */ = {
			isa = XCBuildConfiguration;
			buildSettings = {
				ASSETCATALOG_COMPILER_APPICON_NAME = AppIcon;
				DEVELOPMENT_TEAM = NDK75ESV78;
				INFOPLIST_FILE = PitchPerfect/Info.plist;
				LD_RUNPATH_SEARCH_PATHS = "$(inherited) @executable_path/Frameworks";
				PRODUCT_BUNDLE_IDENTIFIER = com.animenim.PitchPerfect;
				PRODUCT_NAME = "$(TARGET_NAME)";
				SWIFT_VERSION = 3.0;
			};
			name = Debug;
		};
		846390711DAC5C700047C443 /* Release */ = {
			isa = XCBuildConfiguration;
			buildSettings = {
				ASSETCATALOG_COMPILER_APPICON_NAME = AppIcon;
				DEVELOPMENT_TEAM = NDK75ESV78;
				INFOPLIST_FILE = PitchPerfect/Info.plist;
				LD_RUNPATH_SEARCH_PATHS = "$(inherited) @executable_path/Frameworks";
				PRODUCT_BUNDLE_IDENTIFIER = com.animenim.PitchPerfect;
				PRODUCT_NAME = "$(TARGET_NAME)";
				SWIFT_VERSION = 3.0;
			};
			name = Release;
		};
		846390731DAC5C700047C443 /* Debug */ = {
			isa = XCBuildConfiguration;
			buildSettings = {
				ALWAYS_EMBED_SWIFT_STANDARD_LIBRARIES = YES;
				DEVELOPMENT_TEAM = NDK75ESV78;
				INFOPLIST_FILE = PitchPerfectUITests/Info.plist;
				LD_RUNPATH_SEARCH_PATHS = "$(inherited) @executable_path/Frameworks @loader_path/Frameworks";
				PRODUCT_BUNDLE_IDENTIFIER = com.animenim.PitchPerfectUITests;
				PRODUCT_NAME = "$(TARGET_NAME)";
				SWIFT_VERSION = 3.0;
				TEST_TARGET_NAME = PitchPerfect;
			};
			name = Debug;
		};
		846390741DAC5C700047C443 /* Release */ = {
			isa = XCBuildConfiguration;
			buildSettings = {
				ALWAYS_EMBED_SWIFT_STANDARD_LIBRARIES = YES;
				DEVELOPMENT_TEAM = NDK75ESV78;
				INFOPLIST_FILE = PitchPerfectUITests/Info.plist;
				LD_RUNPATH_SEARCH_PATHS = "$(inherited) @executable_path/Frameworks @loader_path/Frameworks";
				PRODUCT_BUNDLE_IDENTIFIER = com.animenim.PitchPerfectUITests;
				PRODUCT_NAME = "$(TARGET_NAME)";
				SWIFT_VERSION = 3.0;
				TEST_TARGET_NAME = PitchPerfect;
			};
			name = Release;
		};
/* End XCBuildConfiguration section */

/* Begin XCConfigurationList section */
		8463904D1DAC5C700047C443 /* Build configuration list for PBXProject "PitchPerfect" */ = {
			isa = XCConfigurationList;
			buildConfigurations = (
				8463906D1DAC5C700047C443 /* Debug */,
				8463906E1DAC5C700047C443 /* Release */,
			);
			defaultConfigurationIsVisible = 0;
			defaultConfigurationName = Release;
		};
		8463906F1DAC5C700047C443 /* Build configuration list for PBXNativeTarget "PitchPerfect" */ = {
			isa = XCConfigurationList;
			buildConfigurations = (
				846390701DAC5C700047C443 /* Debug */,
				846390711DAC5C700047C443 /* Release */,
			);
			defaultConfigurationIsVisible = 0;
		};
		846390721DAC5C700047C443 /* Build configuration list for PBXNativeTarget "PitchPerfectUITests" */ = {
			isa = XCConfigurationList;
			buildConfigurations = (
				846390731DAC5C700047C443 /* Debug */,
				846390741DAC5C700047C443 /* Release */,
			);
			defaultConfigurationIsVisible = 0;
		};
/* End XCConfigurationList section */
	};
	rootObject = 8463904A1DAC5C700047C443 /* Project object */;
}
